<Solution>
  <Project Path="Vireon.BusinessLayer/Vireon.BusinessLayer.csproj" Id="506df1ca-cd7e-47e1-aa3f-f1d80c572e07" />
  <Project Path="Vireon.DataAccessLayer/Vireon.DataAccessLayer.csproj" Id="d5f3f0a7-86a6-4381-8ffe-ad9233fd438e" />
  <Project Path="Vireon.DtoLayer/Vireon.DtoLayer.csproj" Id="d13ec4e6-2cd0-46a9-af5b-187d028bffc4" />
  <Project Path="Vireon.EntityLayer/Vireon.EntityLayer.csproj" Id="183e39b2-d4af-4b3c-83a6-36db5fe041a9" />
  <Project Path="Vireon.PresentationLayer/Vireon.PresentationLayer.csproj" Id="39d8c8bf-a203-4c04-a2fb-ae82f5814bb4" />
</Solution>
